
Microsoft Visual Studio Solution File, Format Version 12.00
# Visual Studio Version 16
VisualStudioVersion = 16.0.33130.400
MinimumVisualStudioVersion = 10.0.40219.1
Project("{FAE04EC0-301F-11D3-BF4B-00C04F79EFBC}") = "Calculator", "Calculator.csproj", "{044B0696-EBC7-4504-9662-2C3B5816B788}"
EndProject
Global
	GlobalSection(SolutionConfigurationPlatforms) = preSolution
		Debug|Any CPU = Debug|Any CPU
		Release|Any CPU = Release|Any CPU
	EndGlobalSection
	GlobalSection(ProjectConfigurationPlatforms) = postSolution
		{044B0696-EBC7-4504-9662-2C3B5816B788}.Debug|Any CPU.ActiveCfg = Debug|Any CPU
		{044B0696-EBC7-4504-9662-2C3B5816B788}.Debug|Any CPU.Build.0 = Debug|Any CPU
		{044B0696-EBC7-4504-9662-2C3B5816B788}.Release|Any CPU.ActiveCfg = Release|Any CPU
		{044B0696-EBC7-4504-9662-2C3B5816B788}.Release|Any CPU.Build.0 = Release|Any CPU
	EndGlobalSection
	GlobalSection(SolutionProperties) = preSolution
		HideSolutionNode = FALSE
	EndGlobalSection
	GlobalSection(ExtensibilityGlobals) = postSolution
		SolutionGuid = {C4596062-C8F3-4939-A49D-5D9830F2237C}
	EndGlobalSection
EndGlobal
